
Microsoft Visual Studio Solution File, Format Version 12.00
# Visual Studio Version 17
VisualStudioVersion = 17.5.33502.453
MinimumVisualStudioVersion = 10.0.40219.1
Project("{FAE04EC0-301F-11D3-BF4B-00C04F79EFBC}") = "BasicMath211D", "BasicMath211D\BasicMath211D.csproj", "{29EFCB56-4CA6-42FF-9E6D-377C65B83A69}"
EndProject
Project("{FAE04EC0-301F-11D3-BF4B-00C04F79EFBC}") = "LabBasicMath.test", "LabBasicMath.test\LabBasicMath.test.csproj", "{389565D2-C617-4D0B-9DC6-642BC700E3D5}"
EndProject
Global
	GlobalSection(SolutionConfigurationPlatforms) = preSolution
		Debug|Any CPU = Debug|Any CPU
		Release|Any CPU = Release|Any CPU
	EndGlobalSection
	GlobalSection(ProjectConfigurationPlatforms) = postSolution
		{29EFCB56-4CA6-42FF-9E6D-377C65B83A69}.Debug|Any CPU.ActiveCfg = Debug|Any CPU
		{29EFCB56-4CA6-42FF-9E6D-377C65B83A69}.Debug|Any CPU.Build.0 = Debug|Any CPU
		{29EFCB56-4CA6-42FF-9E6D-377C65B83A69}.Release|Any CPU.ActiveCfg = Release|Any CPU
		{29EFCB56-4CA6-42FF-9E6D-377C65B83A69}.Release|Any CPU.Build.0 = Release|Any CPU
		{389565D2-C617-4D0B-9DC6-642BC700E3D5}.Debug|Any CPU.ActiveCfg = Debug|Any CPU
		{389565D2-C617-4D0B-9DC6-642BC700E3D5}.Debug|Any CPU.Build.0 = Debug|Any CPU
		{389565D2-C617-4D0B-9DC6-642BC700E3D5}.Release|Any CPU.ActiveCfg = Release|Any CPU
		{389565D2-C617-4D0B-9DC6-642BC700E3D5}.Release|Any CPU.Build.0 = Release|Any CPU
	EndGlobalSection
	GlobalSection(SolutionProperties) = preSolution
		HideSolutionNode = FALSE
	EndGlobalSection
	GlobalSection(ExtensibilityGlobals) = postSolution
		SolutionGuid = {3D7FB64B-55E5-445C-9592-3EDF0B0B556D}
	EndGlobalSection
EndGlobal
